PODS:
  - IQKeyboardManagerSwift (5.0.7)
  - Socket.IO-Client-Swift (13.1.1):
    - Starscream (~> 3.0.2)
  - Starscream (3.0.4)

DEPENDENCIES:
  - IQKeyboardManagerSwift
  - Socket.IO-Client-Swift

SPEC CHECKSUMS:
  IQKeyboardManagerSwift: 30fb3a61de1af53a95e02b80fb54ed0a19d5ede5
  Socket.IO-Client-Swift: f22222913f29801e30ae0df712db663ec096edc2
  Starscream: f5da93fe6984c77b694366bf7299b7dc63a76f26

PODFILE CHECKSUM: bb8df9288b1268d238efff364cedd49410d68a8d

COCOAPODS: 1.4.0
